
Microsoft Visual Studio Solution File, Format Version 12.00
# Visual Studio Version 17
VisualStudioVersion = 17.14.36623.8
MinimumVisualStudioVersion = 10.0.40219.1
Project("{2150E333-8FDC-42A3-9474-1A3956D46DE8}") = "Task0", "Task0", "{02EA681E-C7D8-13C7-8484-4AC65E1B71E8}"
EndProject
Project("{2150E333-8FDC-42A3-9474-1A3956D46DE8}") = "Task1", "Task1", "{37359D01-8ADA-48B4-8D4B-5DD6008946D4}"
EndProject
Project("{2150E333-8FDC-42A3-9474-1A3956D46DE8}") = "Task2", "Task2", "{552148AE-EA08-4DD7-9730-41AD65204E99}"
EndProject
Project("{2150E333-8FDC-42A3-9474-1A3956D46DE8}") = "Task3", "Task3", "{A741F6C9-6663-4B06-9A7D-B777A3308BE6}"
EndProject
Project("{2150E333-8FDC-42A3-9474-1A3956D46DE8}") = "Task4", "Task4", "{4AE5310D-7DF0-40EA-9A48-59E8C5B89E27}"
EndProject
Project("{2150E333-8FDC-42A3-9474-1A3956D46DE8}") = "Task5", "Task5", "{3112492B-2614-43E5-B25D-8505419A7267}"
EndProject
Project("{2150E333-8FDC-42A3-9474-1A3956D46DE8}") = "Task6", "Task6", "{EF63D815-C6CB-4604-A61E-62124F9B210F}"
EndProject
Project("{2150E333-8FDC-42A3-9474-1A3956D46DE8}") = "Task7", "Task7", "{D9097655-74E5-4234-810E-2DF738927F1E}"
EndProject
Project("{FAE04EC0-301F-11D3-BF4B-00C04F79EFBC}") = "Tyuiu.AxyonovMA.Sprint4.Task0.V22.Lib", "Tyuiu.AxyonovMA.Sprint4.Task0.V22.Lib\Tyuiu.AxyonovMA.Sprint4.Task0.V22.Lib.csproj", "{2FB4F358-0CEC-4AC4-B480-7D02F0E25B7F}"
EndProject
Project("{FAE04EC0-301F-11D3-BF4B-00C04F79EFBC}") = "Tyuiu.AxyonovMA.Sprint4.Task0.V22", "Tyuiu.AxyonovMA.Sprint4.Task0.V22\Tyuiu.AxyonovMA.Sprint4.Task0.V22.csproj", "{5A2B29CE-1432-46B4-BB01-70FE586BFBD5}"
EndProject
Project("{FAE04EC0-301F-11D3-BF4B-00C04F79EFBC}") = "Tyuiu.AxyonovMA.Sprint4.Task0.V22.Test", "Tyuiu.AxyonovMA.Sprint4.Task0.V22.Test\Tyuiu.AxyonovMA.Sprint4.Task0.V22.Test.csproj", "{C1172774-E036-44EC-BFD2-4621F6635492}"
EndProject
Project("{FAE04EC0-301F-11D3-BF4B-00C04F79EFBC}") = "Tyuiu.AxyonovMA.Sprint4.Task1.V16.Lib", "Tyuiu.AxyonovMA.Sprint4.Task1.V16.Lib\Tyuiu.AxyonovMA.Sprint4.Task1.V16.Lib.csproj", "{0846654F-DABB-430D-8FC7-1008F88CD113}"
EndProject
Project("{FAE04EC0-301F-11D3-BF4B-00C04F79EFBC}") = "Tyuiu.AxyonovMA.Sprint4.Task1.V16", "Tyuiu.AxyonovMA.Sprint4.Task1.V16\Tyuiu.AxyonovMA.Sprint4.Task1.V16.csproj", "{FF391C64-49CF-4F41-9582-2369CFFE7C17}"
EndProject
Project("{FAE04EC0-301F-11D3-BF4B-00C04F79EFBC}") = "Tyuiu.AxyonovMA.Sprint4.Task1.V16.Test", "Tyuiu.AxyonovMA.Sprint4.Task1.V16.Test\Tyuiu.AxyonovMA.Sprint4.Task1.V16.Test.csproj", "{2783B7AC-49F2-4D2C-812B-827554143CCE}"
EndProject
Project("{FAE04EC0-301F-11D3-BF4B-00C04F79EFBC}") = "Tyuiu.AxyonovMA.Sprint4.Task2.V16.Lib", "Tyuiu.AxyonovMA.Sprint4.Task2.V16.Lib\Tyuiu.AxyonovMA.Sprint4.Task2.V16.Lib.csproj", "{A0B5BE1E-6384-46C8-8A64-5E46CC149918}"
EndProject
Project("{FAE04EC0-301F-11D3-BF4B-00C04F79EFBC}") = "Tyuiu.AxyonovMA.Sprint4.Task2.V16", "Tyuiu.AxyonovMA.Sprint4.Task2.V16\Tyuiu.AxyonovMA.Sprint4.Task2.V16.csproj", "{B771A5F9-2AA1-484E-9BB1-F16150D60F83}"
EndProject
Project("{FAE04EC0-301F-11D3-BF4B-00C04F79EFBC}") = "Tyuiu.AxyonovMA.Sprint4.Task2.V16.Test", "Tyuiu.AxyonovMA.Sprint4.Task2.V16.Test\Tyuiu.AxyonovMA.Sprint4.Task2.V16.Test.csproj", "{DADD59EC-6FA9-46D5-8D57-C86BA9B93E44}"
EndProject
Project("{FAE04EC0-301F-11D3-BF4B-00C04F79EFBC}") = "Tyuiu.AxyonovMA.Sprint4.Task3.V21.Lib", "Tyuiu.AxyonovMA.Sprint4.Task3.V21.Lib\Tyuiu.AxyonovMA.Sprint4.Task3.V21.Lib.csproj", "{61E765DA-669A-4F00-A00A-2AE375927870}"
EndProject
Project("{FAE04EC0-301F-11D3-BF4B-00C04F79EFBC}") = "Tyuiu.AxyonovMA.Sprint4.Task3.V21", "Tyuiu.AxyonovMA.Sprint4.Task3.V21\Tyuiu.AxyonovMA.Sprint4.Task3.V21.csproj", "{28F7F825-1C12-4CA9-B095-A4851A1D419E}"
EndProject
Project("{FAE04EC0-301F-11D3-BF4B-00C04F79EFBC}") = "Tyuiu.AxyonovMA.Sprint4.Task3.V21.Test", "Tyuiu.AxyonovMA.Sprint4.Task3.V21.Test\Tyuiu.AxyonovMA.Sprint4.Task3.V21.Test.csproj", "{FF734614-47B0-49ED-8543-81B96D5D9A57}"
EndProject
Project("{FAE04EC0-301F-11D3-BF4B-00C04F79EFBC}") = "Tyuiu.AxyonovMA.Sprint4.Task4.V5.Lib", "Tyuiu.AxyonovMA.Sprint4.Task4.V5.Lib\Tyuiu.AxyonovMA.Sprint4.Task4.V5.Lib.csproj", "{A41F9CCD-77D5-43DD-B523-A2E06EC6965D}"
EndProject
Project("{FAE04EC0-301F-11D3-BF4B-00C04F79EFBC}") = "Tyuiu.AxyonovMA.Sprint4.Task4.V5", "Tyuiu.AxyonovMA.Sprint4.Task4.V5\Tyuiu.AxyonovMA.Sprint4.Task4.V5.csproj", "{65CC2A1D-D15B-4CE9-8F41-B0FDA3D6EF81}"
EndProject
Project("{FAE04EC0-301F-11D3-BF4B-00C04F79EFBC}") = "Tyuiu.AxyonovMA.Sprint4.Task4.V5.Test", "Tyuiu.AxyonovMA.Sprint4.Task4.V5.Test\Tyuiu.AxyonovMA.Sprint4.Task4.V5.Test.csproj", "{21DEEE5A-90CA-498B-84C1-8E53A16D54F5}"
EndProject
Project("{FAE04EC0-301F-11D3-BF4B-00C04F79EFBC}") = "Tyuiu.AxyonovMA.Sprint4.Task5.V25.Lib", "Tyuiu.AxyonovMA.Sprint4.Task5.V25.Lib\Tyuiu.AxyonovMA.Sprint4.Task5.V25.Lib.csproj", "{3461EA9E-7F33-4AC9-BCB2-D62D81293AF3}"
EndProject
Project("{FAE04EC0-301F-11D3-BF4B-00C04F79EFBC}") = "Tyuiu.AxyonovMA.Sprint4.Task5.V25", "Tyuiu.AxyonovMA.Sprint4.Task5.V25\Tyuiu.AxyonovMA.Sprint4.Task5.V25.csproj", "{07D0B50F-B302-402F-9F03-A751C901B34D}"
EndProject
Project("{FAE04EC0-301F-11D3-BF4B-00C04F79EFBC}") = "Tyuiu.AxyonovMA.Sprint4.Task5.V25.Test", "Tyuiu.AxyonovMA.Sprint4.Task5.V25.Test\Tyuiu.AxyonovMA.Sprint4.Task5.V25.Test.csproj", "{B132F800-E164-4EDB-AC90-D2B0C8F1A273}"
EndProject
Project("{FAE04EC0-301F-11D3-BF4B-00C04F79EFBC}") = "Tyuiu.AxyonovMA.Sprint4.Task6.V19.Lib", "Tyuiu.AxyonovMA.Sprint4.Task6.V19.Lib\Tyuiu.AxyonovMA.Sprint4.Task6.V19.Lib.csproj", "{16DC55E8-0887-4452-B3A0-B311771F616D}"
EndProject
Project("{FAE04EC0-301F-11D3-BF4B-00C04F79EFBC}") = "Tyuiu.AxyonovMA.Sprint4.Task6.V19", "Tyuiu.AxyonovMA.Sprint4.Task6.V19\Tyuiu.AxyonovMA.Sprint4.Task6.V19.csproj", "{D2639DB2-C4E0-42D1-851B-F26A39D82B4B}"
EndProject
Project("{FAE04EC0-301F-11D3-BF4B-00C04F79EFBC}") = "Tyuiu.AxyonovMA.Sprint4.Task6.V19.Test", "Tyuiu.AxyonovMA.Sprint4.Task6.V19.Test\Tyuiu.AxyonovMA.Sprint4.Task6.V19.Test.csproj", "{D61C1FF0-25B3-45C8-9B7A-11FDC8216F75}"
EndProject
Project("{FAE04EC0-301F-11D3-BF4B-00C04F79EFBC}") = "Tyuiu.AxyonovMA.Sprint4.Task7.V20.Lib", "Tyuiu.AxyonovMA.Sprint4.Task7.V20.Lib\Tyuiu.AxyonovMA.Sprint4.Task7.V20.Lib.csproj", "{F1C0EB1B-3CE6-47FA-8848-2E91B2E889BB}"
EndProject
Project("{FAE04EC0-301F-11D3-BF4B-00C04F79EFBC}") = "Tyuiu.AxyonovMA.Sprint4.Task7.V20", "Tyuiu.AxyonovMA.Sprint4.Task7.V20\Tyuiu.AxyonovMA.Sprint4.Task7.V20.csproj", "{7F3D7EEC-C9E9-4698-8199-9EFA236EC2EB}"
EndProject
Project("{FAE04EC0-301F-11D3-BF4B-00C04F79EFBC}") = "Tyuiu.AxyonovMA.Sprint4.Task7.V20.Test", "Tyuiu.AxyonovMA.Sprint4.Task7.V20.Test\Tyuiu.AxyonovMA.Sprint4.Task7.V20.Test.csproj", "{BFC6EDE8-A304-4427-AECD-12D706120E93}"
EndProject
Global
	GlobalSection(SolutionConfigurationPlatforms) = preSolution
		Debug|Any CPU = Debug|Any CPU
		Release|Any CPU = Release|Any CPU
	EndGlobalSection
	GlobalSection(ProjectConfigurationPlatforms) = postSolution
		{2FB4F358-0CEC-4AC4-B480-7D02F0E25B7F}.Debug|Any CPU.ActiveCfg = Debug|Any CPU
		{2FB4F358-0CEC-4AC4-B480-7D02F0E25B7F}.Debug|Any CPU.Build.0 = Debug|Any CPU
		{2FB4F358-0CEC-4AC4-B480-7D02F0E25B7F}.Release|Any CPU.ActiveCfg = Release|Any CPU
		{2FB4F358-0CEC-4AC4-B480-7D02F0E25B7F}.Release|Any CPU.Build.0 = Release|Any CPU
		{5A2B29CE-1432-46B4-BB01-70FE586BFBD5}.Debug|Any CPU.ActiveCfg = Debug|Any CPU
		{5A2B29CE-1432-46B4-BB01-70FE586BFBD5}.Debug|Any CPU.Build.0 = Debug|Any CPU
		{5A2B29CE-1432-46B4-BB01-70FE586BFBD5}.Release|Any CPU.ActiveCfg = Release|Any CPU
		{5A2B29CE-1432-46B4-BB01-70FE586BFBD5}.Release|Any CPU.Build.0 = Release|Any CPU
		{C1172774-E036-44EC-BFD2-4621F6635492}.Debug|Any CPU.ActiveCfg = Debug|Any CPU
		{C1172774-E036-44EC-BFD2-4621F6635492}.Debug|Any CPU.Build.0 = Debug|Any CPU
		{C1172774-E036-44EC-BFD2-4621F6635492}.Release|Any CPU.ActiveCfg = Release|Any CPU
		{C1172774-E036-44EC-BFD2-4621F6635492}.Release|Any CPU.Build.0 = Release|Any CPU
		{0846654F-DABB-430D-8FC7-1008F88CD113}.Debug|Any CPU.ActiveCfg = Debug|Any CPU
		{0846654F-DABB-430D-8FC7-1008F88CD113}.Debug|Any CPU.Build.0 = Debug|Any CPU
		{0846654F-DABB-430D-8FC7-1008F88CD113}.Release|Any CPU.ActiveCfg = Release|Any CPU
		{0846654F-DABB-430D-8FC7-1008F88CD113}.Release|Any CPU.Build.0 = Release|Any CPU
		{FF391C64-49CF-4F41-9582-2369CFFE7C17}.Debug|Any CPU.ActiveCfg = Debug|Any CPU
		{FF391C64-49CF-4F41-9582-2369CFFE7C17}.Debug|Any CPU.Build.0 = Debug|Any CPU
		{FF391C64-49CF-4F41-9582-2369CFFE7C17}.Release|Any CPU.ActiveCfg = Release|Any CPU
		{FF391C64-49CF-4F41-9582-2369CFFE7C17}.Release|Any CPU.Build.0 = Release|Any CPU
		{2783B7AC-49F2-4D2C-812B-827554143CCE}.Debug|Any CPU.ActiveCfg = Debug|Any CPU
		{2783B7AC-49F2-4D2C-812B-827554143CCE}.Debug|Any CPU.Build.0 = Debug|Any CPU
		{2783B7AC-49F2-4D2C-812B-827554143CCE}.Release|Any CPU.ActiveCfg = Release|Any CPU
		{2783B7AC-49F2-4D2C-812B-827554143CCE}.Release|Any CPU.Build.0 = Release|Any CPU
		{A0B5BE1E-6384-46C8-8A64-5E46CC149918}.Debug|Any CPU.ActiveCfg = Debug|Any CPU
		{A0B5BE1E-6384-46C8-8A64-5E46CC149918}.Debug|Any CPU.Build.0 = Debug|Any CPU
		{A0B5BE1E-6384-46C8-8A64-5E46CC149918}.Release|Any CPU.ActiveCfg = Release|Any CPU
		{A0B5BE1E-6384-46C8-8A64-5E46CC149918}.Release|Any CPU.Build.0 = Release|Any CPU
		{B771A5F9-2AA1-484E-9BB1-F16150D60F83}.Debug|Any CPU.ActiveCfg = Debug|Any CPU
		{B771A5F9-2AA1-484E-9BB1-F16150D60F83}.Debug|Any CPU.Build.0 = Debug|Any CPU
		{B771A5F9-2AA1-484E-9BB1-F16150D60F83}.Release|Any CPU.ActiveCfg = Release|Any CPU
		{B771A5F9-2AA1-484E-9BB1-F16150D60F83}.Release|Any CPU.Build.0 = Release|Any CPU
		{DADD59EC-6FA9-46D5-8D57-C86BA9B93E44}.Debug|Any CPU.ActiveCfg = Debug|Any CPU
		{DADD59EC-6FA9-46D5-8D57-C86BA9B93E44}.Debug|Any CPU.Build.0 = Debug|Any CPU
		{DADD59EC-6FA9-46D5-8D57-C86BA9B93E44}.Release|Any CPU.ActiveCfg = Release|Any CPU
		{DADD59EC-6FA9-46D5-8D57-C86BA9B93E44}.Release|Any CPU.Build.0 = Release|Any CPU
		{61E765DA-669A-4F00-A00A-2AE375927870}.Debug|Any CPU.ActiveCfg = Debug|Any CPU
		{61E765DA-669A-4F00-A00A-2AE375927870}.Debug|Any CPU.Build.0 = Debug|Any CPU
		{61E765DA-669A-4F00-A00A-2AE375927870}.Release|Any CPU.ActiveCfg = Release|Any CPU
		{61E765DA-669A-4F00-A00A-2AE375927870}.Release|Any CPU.Build.0 = Release|Any CPU
		{28F7F825-1C12-4CA9-B095-A4851A1D419E}.Debug|Any CPU.ActiveCfg = Debug|Any CPU
		{28F7F825-1C12-4CA9-B095-A4851A1D419E}.Debug|Any CPU.Build.0 = Debug|Any CPU
		{28F7F825-1C12-4CA9-B095-A4851A1D419E}.Release|Any CPU.ActiveCfg = Release|Any CPU
		{28F7F825-1C12-4CA9-B095-A4851A1D419E}.Release|Any CPU.Build.0 = Release|Any CPU
		{FF734614-47B0-49ED-8543-81B96D5D9A57}.Debug|Any CPU.ActiveCfg = Debug|Any CPU
		{FF734614-47B0-49ED-8543-81B96D5D9A57}.Debug|Any CPU.Build.0 = Debug|Any CPU
		{FF734614-47B0-49ED-8543-81B96D5D9A57}.Release|Any CPU.ActiveCfg = Release|Any CPU
		{FF734614-47B0-49ED-8543-81B96D5D9A57}.Release|Any CPU.Build.0 = Release|Any CPU
		{A41F9CCD-77D5-43DD-B523-A2E06EC6965D}.Debug|Any CPU.ActiveCfg = Debug|Any CPU
		{A41F9CCD-77D5-43DD-B523-A2E06EC6965D}.Debug|Any CPU.Build.0 = Debug|Any CPU
		{A41F9CCD-77D5-43DD-B523-A2E06EC6965D}.Release|Any CPU.ActiveCfg = Release|Any CPU
		{A41F9CCD-77D5-43DD-B523-A2E06EC6965D}.Release|Any CPU.Build.0 = Release|Any CPU
		{65CC2A1D-D15B-4CE9-8F41-B0FDA3D6EF81}.Debug|Any CPU.ActiveCfg = Debug|Any CPU
		{65CC2A1D-D15B-4CE9-8F41-B0FDA3D6EF81}.Debug|Any CPU.Build.0 = Debug|Any CPU
		{65CC2A1D-D15B-4CE9-8F41-B0FDA3D6EF81}.Release|Any CPU.ActiveCfg = Release|Any CPU
		{65CC2A1D-D15B-4CE9-8F41-B0FDA3D6EF81}.Release|Any CPU.Build.0 = Release|Any CPU
		{21DEEE5A-90CA-498B-84C1-8E53A16D54F5}.Debug|Any CPU.ActiveCfg = Debug|Any CPU
		{21DEEE5A-90CA-498B-84C1-8E53A16D54F5}.Debug|Any CPU.Build.0 = Debug|Any CPU
		{21DEEE5A-90CA-498B-84C1-8E53A16D54F5}.Release|Any CPU.ActiveCfg = Release|Any CPU
		{21DEEE5A-90CA-498B-84C1-8E53A16D54F5}.Release|Any CPU.Build.0 = Release|Any CPU
		{3461EA9E-7F33-4AC9-BCB2-D62D81293AF3}.Debug|Any CPU.ActiveCfg = Debug|Any CPU
		{3461EA9E-7F33-4AC9-BCB2-D62D81293AF3}.Debug|Any CPU.Build.0 = Debug|Any CPU
		{3461EA9E-7F33-4AC9-BCB2-D62D81293AF3}.Release|Any CPU.ActiveCfg = Release|Any CPU
		{3461EA9E-7F33-4AC9-BCB2-D62D81293AF3}.Release|Any CPU.Build.0 = Release|Any CPU
		{07D0B50F-B302-402F-9F03-A751C901B34D}.Debug|Any CPU.ActiveCfg = Debug|Any CPU
		{07D0B50F-B302-402F-9F03-A751C901B34D}.Debug|Any CPU.Build.0 = Debug|Any CPU
		{07D0B50F-B302-402F-9F03-A751C901B34D}.Release|Any CPU.ActiveCfg = Release|Any CPU
		{07D0B50F-B302-402F-9F03-A751C901B34D}.Release|Any CPU.Build.0 = Release|Any CPU
		{B132F800-E164-4EDB-AC90-D2B0C8F1A273}.Debug|Any CPU.ActiveCfg = Debug|Any CPU
		{B132F800-E164-4EDB-AC90-D2B0C8F1A273}.Debug|Any CPU.Build.0 = Debug|Any CPU
		{B132F800-E164-4EDB-AC90-D2B0C8F1A273}.Release|Any CPU.ActiveCfg = Release|Any CPU
		{B132F800-E164-4EDB-AC90-D2B0C8F1A273}.Release|Any CPU.Build.0 = Release|Any CPU
		{16DC55E8-0887-4452-B3A0-B311771F616D}.Debug|Any CPU.ActiveCfg = Debug|Any CPU
		{16DC55E8-0887-4452-B3A0-B311771F616D}.Debug|Any CPU.Build.0 = Debug|Any CPU
		{16DC55E8-0887-4452-B3A0-B311771F616D}.Release|Any CPU.ActiveCfg = Release|Any CPU
		{16DC55E8-0887-4452-B3A0-B311771F616D}.Release|Any CPU.Build.0 = Release|Any CPU
		{D2639DB2-C4E0-42D1-851B-F26A39D82B4B}.Debug|Any CPU.ActiveCfg = Debug|Any CPU
		{D2639DB2-C4E0-42D1-851B-F26A39D82B4B}.Debug|Any CPU.Build.0 = Debug|Any CPU
		{D2639DB2-C4E0-42D1-851B-F26A39D82B4B}.Release|Any CPU.ActiveCfg = Release|Any CPU
		{D2639DB2-C4E0-42D1-851B-F26A39D82B4B}.Release|Any CPU.Build.0 = Release|Any CPU
		{D61C1FF0-25B3-45C8-9B7A-11FDC8216F75}.Debug|Any CPU.ActiveCfg = Debug|Any CPU
		{D61C1FF0-25B3-45C8-9B7A-11FDC8216F75}.Debug|Any CPU.Build.0 = Debug|Any CPU
		{D61C1FF0-25B3-45C8-9B7A-11FDC8216F75}.Release|Any CPU.ActiveCfg = Release|Any CPU
		{D61C1FF0-25B3-45C8-9B7A-11FDC8216F75}.Release|Any CPU.Build.0 = Release|Any CPU
		{F1C0EB1B-3CE6-47FA-8848-2E91B2E889BB}.Debug|Any CPU.ActiveCfg = Debug|Any CPU
		{F1C0EB1B-3CE6-47FA-8848-2E91B2E889BB}.Debug|Any CPU.Build.0 = Debug|Any CPU
		{F1C0EB1B-3CE6-47FA-8848-2E91B2E889BB}.Release|Any CPU.ActiveCfg = Release|Any CPU
		{F1C0EB1B-3CE6-47FA-8848-2E91B2E889BB}.Release|Any CPU.Build.0 = Release|Any CPU
		{7F3D7EEC-C9E9-4698-8199-9EFA236EC2EB}.Debug|Any CPU.ActiveCfg = Debug|Any CPU
		{7F3D7EEC-C9E9-4698-8199-9EFA236EC2EB}.Debug|Any CPU.Build.0 = Debug|Any CPU
		{7F3D7EEC-C9E9-4698-8199-9EFA236EC2EB}.Release|Any CPU.ActiveCfg = Release|Any CPU
		{7F3D7EEC-C9E9-4698-8199-9EFA236EC2EB}.Release|Any CPU.Build.0 = Release|Any CPU
		{BFC6EDE8-A304-4427-AECD-12D706120E93}.Debug|Any CPU.ActiveCfg = Debug|Any CPU
		{BFC6EDE8-A304-4427-AECD-12D706120E93}.Debug|Any CPU.Build.0 = Debug|Any CPU
		{BFC6EDE8-A304-4427-AECD-12D706120E93}.Release|Any CPU.ActiveCfg = Release|Any CPU
		{BFC6EDE8-A304-4427-AECD-12D706120E93}.Release|Any CPU.Build.0 = Release|Any CPU
	EndGlobalSection
	GlobalSection(SolutionProperties) = preSolution
		HideSolutionNode = FALSE
	EndGlobalSection
	GlobalSection(NestedProjects) = preSolution
		{2FB4F358-0CEC-4AC4-B480-7D02F0E25B7F} = {02EA681E-C7D8-13C7-8484-4AC65E1B71E8}
		{5A2B29CE-1432-46B4-BB01-70FE586BFBD5} = {02EA681E-C7D8-13C7-8484-4AC65E1B71E8}
		{C1172774-E036-44EC-BFD2-4621F6635492} = {02EA681E-C7D8-13C7-8484-4AC65E1B71E8}
		{0846654F-DABB-430D-8FC7-1008F88CD113} = {37359D01-8ADA-48B4-8D4B-5DD6008946D4}
		{FF391C64-49CF-4F41-9582-2369CFFE7C17} = {37359D01-8ADA-48B4-8D4B-5DD6008946D4}
		{2783B7AC-49F2-4D2C-812B-827554143CCE} = {37359D01-8ADA-48B4-8D4B-5DD6008946D4}
		{A0B5BE1E-6384-46C8-8A64-5E46CC149918} = {552148AE-EA08-4DD7-9730-41AD65204E99}
		{B771A5F9-2AA1-484E-9BB1-F16150D60F83} = {552148AE-EA08-4DD7-9730-41AD65204E99}
		{DADD59EC-6FA9-46D5-8D57-C86BA9B93E44} = {552148AE-EA08-4DD7-9730-41AD65204E99}
		{61E765DA-669A-4F00-A00A-2AE375927870} = {A741F6C9-6663-4B06-9A7D-B777A3308BE6}
		{28F7F825-1C12-4CA9-B095-A4851A1D419E} = {A741F6C9-6663-4B06-9A7D-B777A3308BE6}
		{FF734614-47B0-49ED-8543-81B96D5D9A57} = {A741F6C9-6663-4B06-9A7D-B777A3308BE6}
		{A41F9CCD-77D5-43DD-B523-A2E06EC6965D} = {4AE5310D-7DF0-40EA-9A48-59E8C5B89E27}
		{65CC2A1D-D15B-4CE9-8F41-B0FDA3D6EF81} = {4AE5310D-7DF0-40EA-9A48-59E8C5B89E27}
		{21DEEE5A-90CA-498B-84C1-8E53A16D54F5} = {4AE5310D-7DF0-40EA-9A48-59E8C5B89E27}
		{3461EA9E-7F33-4AC9-BCB2-D62D81293AF3} = {3112492B-2614-43E5-B25D-8505419A7267}
		{07D0B50F-B302-402F-9F03-A751C901B34D} = {3112492B-2614-43E5-B25D-8505419A7267}
		{B132F800-E164-4EDB-AC90-D2B0C8F1A273} = {3112492B-2614-43E5-B25D-8505419A7267}
		{16DC55E8-0887-4452-B3A0-B311771F616D} = {EF63D815-C6CB-4604-A61E-62124F9B210F}
		{D2639DB2-C4E0-42D1-851B-F26A39D82B4B} = {EF63D815-C6CB-4604-A61E-62124F9B210F}
		{D61C1FF0-25B3-45C8-9B7A-11FDC8216F75} = {EF63D815-C6CB-4604-A61E-62124F9B210F}
		{F1C0EB1B-3CE6-47FA-8848-2E91B2E889BB} = {D9097655-74E5-4234-810E-2DF738927F1E}
		{7F3D7EEC-C9E9-4698-8199-9EFA236EC2EB} = {D9097655-74E5-4234-810E-2DF738927F1E}
		{BFC6EDE8-A304-4427-AECD-12D706120E93} = {D9097655-74E5-4234-810E-2DF738927F1E}
	EndGlobalSection
	GlobalSection(ExtensibilityGlobals) = postSolution
		SolutionGuid = {92D426F7-F508-4C6A-9B42-F342704F7E6C}
	EndGlobalSection
EndGlobal
